{
  "name": "coalesce-shared",
  "version": "0.0.1",
  "lockfileVersion": 3,
  "requires": true,
  "packages": {
    "": {
      "name": "coalesce-shared",
      "version": "0.0.1",
      "license": "AGPL-3.0-only",
      "dependencies": {
        "@lexical/rich-text": "^0.11.1",
        "kysely": "^0.25.0",
        "lexical": "^0.11.1",
        "zod": "^3.21.4"
      }
    },
    "node_modules/@lexical/clipboard": {
      "version": "0.11.1",
      "resolved": "https://registry.npmjs.org/@lexical/clipboard/-/clipboard-0.11.1.tgz",
      "integrity": "sha512-xwesC2BMv+/ZF0DRMaTPHr4hrnaEbqsfkL1MG+xtqHZOM+paavXqEYp2Uh4WEAaSsmkIFWbrxP1Kraq9O8EZbw==",
      "peer": true,
      "dependencies": {
        "@lexical/html": "0.11.1",
        "@lexical/list": "0.11.1",
        "@lexical/selection": "0.11.1",
        "@lexical/utils": "0.11.1"
      },
      "peerDependencies": {
        "lexical": "0.11.1"
      }
    },
    "node_modules/@lexical/html": {
      "version": "0.11.1",
      "resolved": "https://registry.npmjs.org/@lexical/html/-/html-0.11.1.tgz",
      "integrity": "sha512-tkXPpJCM73VwMynnWwZPqdL8gN9ydGtJsPz28Q1m5P3WD6sFERwCasJxYyMPCcL3KfGQ6a0WZCCEtnyUn7VQkg==",
      "peer": true,
      "dependencies": {
        "@lexical/selection": "0.11.1"
      },
      "peerDependencies": {
        "lexical": "0.11.1"
      }
    },
    "node_modules/@lexical/list": {
      "version": "0.11.1",
      "resolved": "https://registry.npmjs.org/@lexical/list/-/list-0.11.1.tgz",
      "integrity": "sha512-gONvM0q0eyA7yaSQ9WnoVs0riUrgilqVS4mdXDu3UKlr0hcDfJICEZO8ooorFu9yRkNzp8HRIkGByW6oQBa1cQ==",
      "peer": true,
      "dependencies": {
        "@lexical/utils": "0.11.1"
      },
      "peerDependencies": {
        "lexical": "0.11.1"
      }
    },
    "node_modules/@lexical/rich-text": {
      "version": "0.11.1",
      "resolved": "https://registry.npmjs.org/@lexical/rich-text/-/rich-text-0.11.1.tgz",
      "integrity": "sha512-cwko/7VuvHd8nuvt0GTaOxxpDpT24NnP15C0ZMJ6LVBgqKz7hOqhZZ6iAB/JOrivifF9nGBlC+jabZF75Gz3Fw==",
      "peerDependencies": {
        "@lexical/clipboard": "0.11.1",
        "@lexical/selection": "0.11.1",
        "@lexical/utils": "0.11.1",
        "lexical": "0.11.1"
      }
    },
    "node_modules/@lexical/selection": {
      "version": "0.11.1",
      "resolved": "https://registry.npmjs.org/@lexical/selection/-/selection-0.11.1.tgz",
      "integrity": "sha512-sSiwWlu7LmxasdXAWcphtf5+ZK/6GRe3e/SAuCULfcrvYtEQrXIeyZt1IAvMxStELdQgf8vd0PzwajKcYjEM4A==",
      "peer": true,
      "peerDependencies": {
        "lexical": "0.11.1"
      }
    },
    "node_modules/@lexical/table": {
      "version": "0.11.1",
      "resolved": "https://registry.npmjs.org/@lexical/table/-/table-0.11.1.tgz",
      "integrity": "sha512-v5HNW6jk4BHFsxsr8tPhAgokWUxL/ekvIHByXnikgEXVQiG7NPXMt7PWKVdOhH4Pn+OeF/OeeqcsTSh1/I8ZKQ==",
      "peer": true,
      "dependencies": {
        "@lexical/utils": "0.11.1"
      },
      "peerDependencies": {
        "lexical": "0.11.1"
      }
    },
    "node_modules/@lexical/utils": {
      "version": "0.11.1",
      "resolved": "https://registry.npmjs.org/@lexical/utils/-/utils-0.11.1.tgz",
      "integrity": "sha512-Sssv82m0yJgRBvShZDZnE4KNX+8O49sAI1Mc2kRKoTlSSbpmpEcrbJnz8S2bmbYcyHalP8+Id/GFziOclI3zUQ==",
      "peer": true,
      "dependencies": {
        "@lexical/list": "0.11.1",
        "@lexical/selection": "0.11.1",
        "@lexical/table": "0.11.1"
      },
      "peerDependencies": {
        "lexical": "0.11.1"
      }
    },
    "node_modules/kysely": {
      "version": "0.25.0",
      "resolved": "https://registry.npmjs.org/kysely/-/kysely-0.25.0.tgz",
      "integrity": "sha512-srn0efIMu5IoEBk0tBmtGnoUss4uwvxtbFQWG/U2MosfqIace1l43IFP1PmEpHRDp+Z79xIcKEqmHH3dAvQdQA==",
      "engines": {
        "node": ">=14.0.0"
      }
    },
    "node_modules/lexical": {
      "version": "0.11.1",
      "resolved": "https://registry.npmjs.org/lexical/-/lexical-0.11.1.tgz",
      "integrity": "sha512-PhAGADxqzwJldmkVK5tvkaARTULCdeJjfhxWTnJQXTAlApE9heJir7SWxbxeUx1G5gdKZQFicGhOQlDXJmma2Q=="
    },
    "node_modules/zod": {
      "version": "3.21.4",
      "resolved": "https://registry.npmjs.org/zod/-/zod-3.21.4.tgz",
      "integrity": "sha512-m46AKbrzKVzOzs/DZgVnG5H55N1sv1M8qZU3A8RIKbs3mrACDNeIOeilDymVb2HdmP8uwshOCF4uJ8uM9rCqJw==",
      "funding": {
        "url": "https://github.com/sponsors/colinhacks"
      }
    }
  }
}
