{
  "name": "coalesce-shared",
  "version": "0.0.1",
  "lockfileVersion": 3,
  "requires": true,
  "packages": {
    "": {
      "name": "coalesce-shared",
      "version": "0.0.1",
      "license": "AGPL-3.0-only",
      "dependencies": {
        "@lexical/rich-text": "^0.11.3",
        "kysely": "^0.25.0",
        "lexical": "^0.11.3",
        "zod": "^3.21.4"
      }
    },
    "node_modules/@lexical/clipboard": {
      "version": "0.11.3",
      "resolved": "https://registry.npmjs.org/@lexical/clipboard/-/clipboard-0.11.3.tgz",
      "integrity": "sha512-6xggT8b0hd4OQy25mBH+yiJsr3Bm8APHjDOd3yINCGeiiHXIC+2qKQn3MG70euxQQuyzq++tYHcSsFq42g8Jyw==",
      "peer": true,
      "dependencies": {
        "@lexical/html": "0.11.3",
        "@lexical/list": "0.11.3",
        "@lexical/selection": "0.11.3",
        "@lexical/utils": "0.11.3"
      },
      "peerDependencies": {
        "lexical": "0.11.3"
      }
    },
    "node_modules/@lexical/html": {
      "version": "0.11.3",
      "resolved": "https://registry.npmjs.org/@lexical/html/-/html-0.11.3.tgz",
      "integrity": "sha512-+8AYnxxml9PneZLkGfdTenqDjE2yD1ZfCmQLrD/L1TEn22OjZh4uvKVHb13wEhgUZTuLKF0PNdnuecko9ON/aQ==",
      "peer": true,
      "dependencies": {
        "@lexical/selection": "0.11.3"
      },
      "peerDependencies": {
        "lexical": "0.11.3"
      }
    },
    "node_modules/@lexical/list": {
      "version": "0.11.3",
      "resolved": "https://registry.npmjs.org/@lexical/list/-/list-0.11.3.tgz",
      "integrity": "sha512-Cs9071wDfqi4j1VgodceiR1jTHj13eCoEJDhr3e/FW0x5we7vfbTMtWlOWbveIoryAh+rQNgiD5e8SrAm6Zs3g==",
      "peer": true,
      "dependencies": {
        "@lexical/utils": "0.11.3"
      },
      "peerDependencies": {
        "lexical": "0.11.3"
      }
    },
    "node_modules/@lexical/rich-text": {
      "version": "0.11.3",
      "resolved": "https://registry.npmjs.org/@lexical/rich-text/-/rich-text-0.11.3.tgz",
      "integrity": "sha512-fBFs6wMS7GFLbk+mzIWtwpP+EmnTZZ5bHpveuQ5wXONBuUuLcsYF5KO7UhLxXNLmiViV6lxatZPavEzgZdW7oQ==",
      "peerDependencies": {
        "@lexical/clipboard": "0.11.3",
        "@lexical/selection": "0.11.3",
        "@lexical/utils": "0.11.3",
        "lexical": "0.11.3"
      }
    },
    "node_modules/@lexical/selection": {
      "version": "0.11.3",
      "resolved": "https://registry.npmjs.org/@lexical/selection/-/selection-0.11.3.tgz",
      "integrity": "sha512-15lQpcKT/vd7XZ5pnF1nb+kpKb72e9Yi1dVqieSxTeXkzt1cAZFKP3NB4RlhOKCv1N+glSBnjSxRwgsFfbD+NQ==",
      "peer": true,
      "peerDependencies": {
        "lexical": "0.11.3"
      }
    },
    "node_modules/@lexical/table": {
      "version": "0.11.3",
      "resolved": "https://registry.npmjs.org/@lexical/table/-/table-0.11.3.tgz",
      "integrity": "sha512-EyRnN39CSPsMceADBR7Kf+sBHNpNQlPEkn/52epeDSnakR6s80woyrA3kIzKo6mLB4afvoqdYc7RfR96M9JLIA==",
      "peer": true,
      "dependencies": {
        "@lexical/utils": "0.11.3"
      },
      "peerDependencies": {
        "lexical": "0.11.3"
      }
    },
    "node_modules/@lexical/utils": {
      "version": "0.11.3",
      "resolved": "https://registry.npmjs.org/@lexical/utils/-/utils-0.11.3.tgz",
      "integrity": "sha512-vC4saCrlcmyIJnvrYKw1uYxZojlD1DCIBsFlgmO8kXyRYXjj+o/8PBdn2dsgSQ3rADrC2mUloOm/maekDcYe9Q==",
      "peer": true,
      "dependencies": {
        "@lexical/list": "0.11.3",
        "@lexical/selection": "0.11.3",
        "@lexical/table": "0.11.3"
      },
      "peerDependencies": {
        "lexical": "0.11.3"
      }
    },
    "node_modules/kysely": {
      "version": "0.25.0",
      "resolved": "https://registry.npmjs.org/kysely/-/kysely-0.25.0.tgz",
      "integrity": "sha512-srn0efIMu5IoEBk0tBmtGnoUss4uwvxtbFQWG/U2MosfqIace1l43IFP1PmEpHRDp+Z79xIcKEqmHH3dAvQdQA==",
      "engines": {
        "node": ">=14.0.0"
      }
    },
    "node_modules/lexical": {
      "version": "0.11.3",
      "resolved": "https://registry.npmjs.org/lexical/-/lexical-0.11.3.tgz",
      "integrity": "sha512-xsMKgx/Fa+QHg/nweemU04lCy7TnEr8LyeDtsKUC7fIDN9wH3GqbnQ0+e3Hbg4FmxlhDCiPPt0GcZAROq3R8uw=="
    },
    "node_modules/zod": {
      "version": "3.21.4",
      "resolved": "https://registry.npmjs.org/zod/-/zod-3.21.4.tgz",
      "integrity": "sha512-m46AKbrzKVzOzs/DZgVnG5H55N1sv1M8qZU3A8RIKbs3mrACDNeIOeilDymVb2HdmP8uwshOCF4uJ8uM9rCqJw==",
      "funding": {
        "url": "https://github.com/sponsors/colinhacks"
      }
    }
  }
}
